
Microsoft Visual Studio Solution File, Format Version 12.00
# Visual Studio 15
Project("{FAE04EC0-301F-11D3-BF4B-00C04F79EFBC}") = "Assembly-CSharp", "Assembly-CSharp.csproj", "{CCA26C19-06F5-F446-2C1C-59A7879BEA74}"
EndProject
Global
	GlobalSection(SolutionConfigurationPlatforms) = preSolution
		Debug|Any CPU = Debug|Any CPU
		Release|Any CPU = Release|Any CPU
	EndGlobalSection
	GlobalSection(ProjectConfigurationPlatforms) = postSolution
		{CCA26C19-06F5-F446-2C1C-59A7879BEA74}.Debug|Any CPU.ActiveCfg = Debug|Any CPU
		{CCA26C19-06F5-F446-2C1C-59A7879BEA74}.Debug|Any CPU.Build.0 = Debug|Any CPU
		{CCA26C19-06F5-F446-2C1C-59A7879BEA74}.Release|Any CPU.ActiveCfg = Release|Any CPU
		{CCA26C19-06F5-F446-2C1C-59A7879BEA74}.Release|Any CPU.Build.0 = Release|Any CPU
	EndGlobalSection
	GlobalSection(SolutionProperties) = preSolution
		HideSolutionNode = FALSE
	EndGlobalSection
EndGlobal
